Microsoft Visual Studio Solution File, Format Version 11.00
# Visual Studio 2008

Project("{13472442-6D9D-3B2B-E123-11A4F0DCEA4F}") = "Projet Unity HistArt", "Assembly-CSharp-firstpass.csproj", "{370E6DA2-4A60-4900-6B62-074888D02AC5}"
EndProject
Project("{13472442-6D9D-3B2B-E123-11A4F0DCEA4F}") = "Projet Unity HistArt", "Assembly-CSharp.csproj", "{6051B91C-5567-8CC5-195B-0932178E5D0E}"
EndProject
Project("{13472442-6D9D-3B2B-E123-11A4F0DCEA4F}") = "Projet Unity HistArt", "Assembly-UnityScript-firstpass.unityproj", "{D185C01D-74A8-72B2-7CEC-E918C3417F18}"
EndProject
Global
	GlobalSection(SolutionConfigurationPlatforms) = preSolution
		Debug|Any CPU = Debug|Any CPU
		Release|Any CPU = Release|Any CPU
	EndGlobalSection
	GlobalSection(ProjectConfigurationPlatforms) = postSolution
		{370E6DA2-4A60-4900-6B62-074888D02AC5}.Debug|Any CPU.ActiveCfg = Debug|Any CPU
		{370E6DA2-4A60-4900-6B62-074888D02AC5}.Debug|Any CPU.Build.0 = Debug|Any CPU
		{370E6DA2-4A60-4900-6B62-074888D02AC5}.Release|Any CPU.ActiveCfg = Release|Any CPU
		{370E6DA2-4A60-4900-6B62-074888D02AC5}.Release|Any CPU.Build.0 = Release|Any CPU
		{6051B91C-5567-8CC5-195B-0932178E5D0E}.Debug|Any CPU.ActiveCfg = Debug|Any CPU
		{6051B91C-5567-8CC5-195B-0932178E5D0E}.Debug|Any CPU.Build.0 = Debug|Any CPU
		{6051B91C-5567-8CC5-195B-0932178E5D0E}.Release|Any CPU.ActiveCfg = Release|Any CPU
		{6051B91C-5567-8CC5-195B-0932178E5D0E}.Release|Any CPU.Build.0 = Release|Any CPU
		{D185C01D-74A8-72B2-7CEC-E918C3417F18}.Debug|Any CPU.ActiveCfg = Debug|Any CPU
		{D185C01D-74A8-72B2-7CEC-E918C3417F18}.Debug|Any CPU.Build.0 = Debug|Any CPU
		{D185C01D-74A8-72B2-7CEC-E918C3417F18}.Release|Any CPU.ActiveCfg = Release|Any CPU
		{D185C01D-74A8-72B2-7CEC-E918C3417F18}.Release|Any CPU.Build.0 = Release|Any CPU
	EndGlobalSection
	GlobalSection(SolutionProperties) = preSolution
		HideSolutionNode = FALSE
	EndGlobalSection
													GlobalSection(MonoDevelopProperties) = preSolution
		StartupItem = Assembly-CSharp.csproj
		Policies = $0
		$0.TextStylePolicy = $1
		$1.inheritsSet = null
		$1.scope = text/x-csharp
		$0.CSharpFormattingPolicy = $2
		$2.inheritsSet = Mono
		$2.inheritsScope = text/x-csharp
		$2.scope = text/x-csharp
		$0.TextStylePolicy = $3
		$3.FileWidth = 120
		$3.TabWidth = 4
		$3.EolMarker = Unix
		$3.inheritsSet = Mono
		$3.inheritsScope = text/plain
		$3.scope = text/plain
	EndGlobalSection

EndGlobal
