Microsoft Visual Studio Solution File, Format Version 11.00
# Visual Studio 2008

Project("{2C6CEE99-E576-51AC-63D1-2BBBD34182BC}") = "Unity avec Remy", "Assembly-CSharp-firstpass-vs.csproj", "{17AF3B36-B0BA-4E55-9406-902208511845}"
EndProject
Project("{2C6CEE99-E576-51AC-63D1-2BBBD34182BC}") = "Unity avec Remy", "Assembly-CSharp-vs.csproj", "{97090A4D-B333-F629-FC29-4754E7E67990}"
EndProject
Global
	GlobalSection(SolutionConfigurationPlatforms) = preSolution
		Debug|Any CPU = Debug|Any CPU
		Release|Any CPU = Release|Any CPU
	EndGlobalSection
	GlobalSection(ProjectConfigurationPlatforms) = postSolution
		{17AF3B36-B0BA-4E55-9406-902208511845}.Debug|Any CPU.ActiveCfg = Debug|Any CPU
		{17AF3B36-B0BA-4E55-9406-902208511845}.Debug|Any CPU.Build.0 = Debug|Any CPU
		{17AF3B36-B0BA-4E55-9406-902208511845}.Release|Any CPU.ActiveCfg = Release|Any CPU
		{17AF3B36-B0BA-4E55-9406-902208511845}.Release|Any CPU.Build.0 = Release|Any CPU
		{97090A4D-B333-F629-FC29-4754E7E67990}.Debug|Any CPU.ActiveCfg = Debug|Any CPU
		{97090A4D-B333-F629-FC29-4754E7E67990}.Debug|Any CPU.Build.0 = Debug|Any CPU
		{97090A4D-B333-F629-FC29-4754E7E67990}.Release|Any CPU.ActiveCfg = Release|Any CPU
		{97090A4D-B333-F629-FC29-4754E7E67990}.Release|Any CPU.Build.0 = Release|Any CPU
	EndGlobalSection
	GlobalSection(SolutionProperties) = preSolution
		HideSolutionNode = FALSE
	EndGlobalSection
																																																																																									GlobalSection(MonoDevelopProperties) = preSolution
		StartupItem = Assembly-CSharp.csproj
		Policies = $0
		$0.TextStylePolicy = $1
		$1.inheritsSet = null
		$1.scope = text/x-csharp
		$0.CSharpFormattingPolicy = $2
		$2.inheritsSet = Mono
		$2.inheritsScope = text/x-csharp
		$2.scope = text/x-csharp
		$0.TextStylePolicy = $3
		$3.FileWidth = 120
		$3.TabWidth = 4
		$3.EolMarker = Unix
		$3.inheritsSet = Mono
		$3.inheritsScope = text/plain
		$3.scope = text/plain
	EndGlobalSection

EndGlobal
